// !$*UTF8*$!
{
	archiveVersion = 1;
	classes = {
	};
	objectVersion = 46;
	objects = {

/* Begin PBXBuildFile section */
		F1CE92C21A4C8C80006E47C9 /* AppDelegate.swift in Sources */ = {isa = PBXBuildFile; fileRef = F1CE92C11A4C8C80006E47C9 /* AppDelegate.swift */; };
		F1CE92C41A4C8C80006E47C9 /* ViewController.swift in Sources */ = {isa = PBXBuildFile; fileRef = F1CE92C31A4C8C80006E47C9 /* ViewController.swift */; };
		F1CE92C71A4C8C80006E47C9 /* Main.storyboard in Resources */ = {isa = PBXBuildFile; fileRef = F1CE92C51A4C8C80006E47C9 /* Main.storyboard */; };
		F1CE92C91A4C8C80006E47C9 /* Images.xcassets in Resources */ = {isa = PBXBuildFile; fileRef = F1CE92C81A4C8C80006E47C9 /* Images.xcassets */; };
		F1CE92CC1A4C8C80006E47C9 /* LaunchScreen.xib in Resources */ = {isa = PBXBuildFile; fileRef = F1CE92CA1A4C8C80006E47C9 /* LaunchScreen.xib */; };
		F1CE92D81A4C8C80006E47C9 /* EditableTableViewController_SwiftTests.swift in Sources */ = {isa = PBXBuildFile; fileRef = F1CE92D71A4C8C80006E47C9 /* EditableTableViewController_SwiftTests.swift */; };
/* End PBXBuildFile section */

/* Begin PBXContainerItemProxy section */
		F1CE92D21A4C8C80006E47C9 /* PBXContainerItemProxy */ = {
			isa = PBXContainerItemProxy;
			containerPortal = F1CE92B41A4C8C80006E47C9 /* Project object */;
			proxyType = 1;
			remoteGlobalIDString = F1CE92BB1A4C8C80006E47C9;
			remoteInfo = "EditableTableViewController-Swift";
		};
/* End PBXContainerItemProxy section */

/* Begin PBXFileReference section */
		F1CE92BC1A4C8C80006E47C9 /* EditableTableViewController-Swift.app */ = {isa = PBXFileReference; explicitFileType = wrapper.application; includeInIndex = 0; path = "EditableTableViewController-Swift.app"; sourceTree = BUILT_PRODUCTS_DIR; };
		F1CE92C01A4C8C80006E47C9 /* Info.plist */ = {isa = PBXFileReference; lastKnownFileType = text.plist.xml; path = Info.plist; sourceTree = "<group>"; };
		F1CE92C11A4C8C80006E47C9 /* AppDelegate.swift */ = {isa = PBXFileReference; lastKnownFileType = sourcecode.swift; path = AppDelegate.swift; sourceTree = "<group>"; };
		F1CE92C31A4C8C80006E47C9 /* ViewController.swift */ = {isa = PBXFileReference; lastKnownFileType = sourcecode.swift; path = ViewController.swift; sourceTree = "<group>"; };
		F1CE92C61A4C8C80006E47C9 /* Base */ = {isa = PBXFileReference; lastKnownFileType = file.storyboard; name = Base; path = Base.lproj/Main.storyboard; sourceTree = "<group>"; };
		F1CE92C81A4C8C80006E47C9 /* Images.xcassets */ = {isa = PBXFileReference; lastKnownFileType = folder.assetcatalog; path = Images.xcassets; sourceTree = "<group>"; };
		F1CE92CB1A4C8C80006E47C9 /* Base */ = {isa = PBXFileReference; lastKnownFileType = file.xib; name = Base; path = Base.lproj/LaunchScreen.xib; sourceTree = "<group>"; };
		F1CE92D11A4C8C80006E47C9 /* EditableTableViewController-SwiftTests.xctest */ = {isa = PBXFileReference; explicitFileType = wrapper.cfbundle; includeInIndex = 0; path = "EditableTableViewController-SwiftTests.xctest"; sourceTree = BUILT_PRODUCTS_DIR; };
		F1CE92D61A4C8C80006E47C9 /* Info.plist */ = {isa = PBXFileReference; lastKnownFileType = text.plist.xml; path = Info.plist; sourceTree = "<group>"; };
		F1CE92D71A4C8C80006E47C9 /* EditableTableViewController_SwiftTests.swift */ = {isa = PBXFileReference; lastKnownFileType = sourcecode.swift; path = EditableTableViewController_SwiftTests.swift; sourceTree = "<group>"; };
/* End PBXFileReference section */

/* Begin PBXFrameworksBuildPhase section */
		F1CE92B91A4C8C80006E47C9 /* Frameworks */ = {
			isa = PBXFrameworksBuildPhase;
			buildActionMask = 2147483647;
			files = (
			);
			runOnlyForDeploymentPostprocessing = 0;
		};
		F1CE92CE1A4C8C80006E47C9 /* Frameworks */ = {
			isa = PBXFrameworksBuildPhase;
			buildActionMask = 2147483647;
			files = (
			);
			runOnlyForDeploymentPostprocessing = 0;
		};
/* End PBXFrameworksBuildPhase section */

/* Begin PBXGroup section */
		F1CE92B31A4C8C80006E47C9 = {
			isa = PBXGroup;
			children = (
				F1CE92BE1A4C8C80006E47C9 /* EditableTableViewController-Swift */,
				F1CE92D41A4C8C80006E47C9 /* EditableTableViewController-SwiftTests */,
				F1CE92BD1A4C8C80006E47C9 /* Products */,
			);
			sourceTree = "<group>";
		};
		F1CE92BD1A4C8C80006E47C9 /* Products */ = {
			isa = PBXGroup;
			children = (
				F1CE92BC1A4C8C80006E47C9 /* EditableTableViewController-Swift.app */,
				F1CE92D11A4C8C80006E47C9 /* EditableTableViewController-SwiftTests.xctest */,
			);
			name = Products;
			sourceTree = "<group>";
		};
		F1CE92BE1A4C8C80006E47C9 /* EditableTableViewController-Swift */ = {
			isa = PBXGroup;
			children = (
				F1CE92C11A4C8C80006E47C9 /* AppDelegate.swift */,
				F1CE92C31A4C8C80006E47C9 /* ViewController.swift */,
				F1CE92C51A4C8C80006E47C9 /* Main.storyboard */,
				F1CE92C81A4C8C80006E47C9 /* Images.xcassets */,
				F1CE92CA1A4C8C80006E47C9 /* LaunchScreen.xib */,
				F1CE92BF1A4C8C80006E47C9 /* Supporting Files */,
			);
			path = "EditableTableViewController-Swift";
			sourceTree = "<group>";
		};
		F1CE92BF1A4C8C80006E47C9 /* Supporting Files */ = {
			isa = PBXGroup;
			children = (
				F1CE92C01A4C8C80006E47C9 /* Info.plist */,
			);
			name = "Supporting Files";
			sourceTree = "<group>";
		};
		F1CE92D41A4C8C80006E47C9 /* EditableTableViewController-SwiftTests */ = {
			isa = PBXGroup;
			children = (
				F1CE92D71A4C8C80006E47C9 /* EditableTableViewController_SwiftTests.swift */,
				F1CE92D51A4C8C80006E47C9 /* Supporting Files */,
			);
			path = "EditableTableViewController-SwiftTests";
			sourceTree = "<group>";
		};
		F1CE92D51A4C8C80006E47C9 /* Supporting Files */ = {
			isa = PBXGroup;
			children = (
				F1CE92D61A4C8C80006E47C9 /* Info.plist */,
			);
			name = "Supporting Files";
			sourceTree = "<group>";
		};
/* End PBXGroup section */

/* Begin PBXNativeTarget section */
		F1CE92BB1A4C8C80006E47C9 /* EditableTableViewController-Swift */ = {
			isa = PBXNativeTarget;
			buildConfigurationList = F1CE92DB1A4C8C80006E47C9 /* Build configuration list for PBXNativeTarget "EditableTableViewController-Swift" */;
			buildPhases = (
				F1CE92B81A4C8C80006E47C9 /* Sources */,
				F1CE92B91A4C8C80006E47C9 /* Frameworks */,
				F1CE92BA1A4C8C80006E47C9 /* Resources */,
			);
			buildRules = (
			);
			dependencies = (
			);
			name = "EditableTableViewController-Swift";
			productName = "EditableTableViewController-Swift";
			productReference = F1CE92BC1A4C8C80006E47C9 /* EditableTableViewController-Swift.app */;
			productType = "com.apple.product-type.application";
		};
		F1CE92D01A4C8C80006E47C9 /* EditableTableViewController-SwiftTests */ = {
			isa = PBXNativeTarget;
			buildConfigurationList = F1CE92DE1A4C8C80006E47C9 /* Build configuration list for PBXNativeTarget "EditableTableViewController-SwiftTests" */;
			buildPhases = (
				F1CE92CD1A4C8C80006E47C9 /* Sources */,
				F1CE92CE1A4C8C80006E47C9 /* Frameworks */,
				F1CE92CF1A4C8C80006E47C9 /* Resources */,
			);
			buildRules = (
			);
			dependencies = (
				F1CE92D31A4C8C80006E47C9 /* PBXTargetDependency */,
			);
			name = "EditableTableViewController-SwiftTests";
			productName = "EditableTableViewController-SwiftTests";
			productReference = F1CE92D11A4C8C80006E47C9 /* EditableTableViewController-SwiftTests.xctest */;
			productType = "com.apple.product-type.bundle.unit-test";
		};
/* End PBXNativeTarget section */

/* Begin PBXProject section */
		F1CE92B41A4C8C80006E47C9 /* Project object */ = {
			isa = PBXProject;
			attributes = {
				LastUpgradeCheck = 0610;
				ORGANIZATIONNAME = Diego;
				TargetAttributes = {
					F1CE92BB1A4C8C80006E47C9 = {
						CreatedOnToolsVersion = 6.1.1;
					};
					F1CE92D01A4C8C80006E47C9 = {
						CreatedOnToolsVersion = 6.1.1;
						TestTargetID = F1CE92BB1A4C8C80006E47C9;
					};
				};
			};
			buildConfigurationList = F1CE92B71A4C8C80006E47C9 /* Build configuration list for PBXProject "EditableTableViewController-Swift" */;
			compatibilityVersion = "Xcode 3.2";
			developmentRegion = English;
			hasScannedForEncodings = 0;
			knownRegions = (
				en,
				Base,
			);
			mainGroup = F1CE92B31A4C8C80006E47C9;
			productRefGroup = F1CE92BD1A4C8C80006E47C9 /* Products */;
			projectDirPath = "";
			projectRoot = "";
			targets = (
				F1CE92BB1A4C8C80006E47C9 /* EditableTableViewController-Swift */,
				F1CE92D01A4C8C80006E47C9 /* EditableTableViewController-SwiftTests */,
			);
		};
/* End PBXProject section */

/* Begin PBXResourcesBuildPhase section */
		F1CE92BA1A4C8C80006E47C9 /* Resources */ = {
			isa = PBXResourcesBuildPhase;
			buildActionMask = 2147483647;
			files = (
				F1CE92C71A4C8C80006E47C9 /* Main.storyboard in Resources */,
				F1CE92CC1A4C8C80006E47C9 /* LaunchScreen.xib in Resources */,
				F1CE92C91A4C8C80006E47C9 /* Images.xcassets in Resources */,
			);
			runOnlyForDeploymentPostprocessing = 0;
		};
		F1CE92CF1A4C8C80006E47C9 /* Resources */ = {
			isa = PBXResourcesBuildPhase;
			buildActionMask = 2147483647;
			files = (
			);
			runOnlyForDeploymentPostprocessing = 0;
		};
/* End PBXResourcesBuildPhase section */

/* Begin PBXSourcesBuildPhase section */
		F1CE92B81A4C8C80006E47C9 /* Sources */ = {
			isa = PBXSourcesBuildPhase;
			buildActionMask = 2147483647;
			files = (
				F1CE92C41A4C8C80006E47C9 /* ViewController.swift in Sources */,
				F1CE92C21A4C8C80006E47C9 /* AppDelegate.swift in Sources */,
			);
			runOnlyForDeploymentPostprocessing = 0;
		};
		F1CE92CD1A4C8C80006E47C9 /* Sources */ = {
			isa = PBXSourcesBuildPhase;
			buildActionMask = 2147483647;
			files = (
				F1CE92D81A4C8C80006E47C9 /* EditableTableViewController_SwiftTests.swift in Sources */,
			);
			runOnlyForDeploymentPostprocessing = 0;
		};
/* End PBXSourcesBuildPhase section */

/* Begin PBXTargetDependency section */
		F1CE92D31A4C8C80006E47C9 /* PBXTargetDependency */ = {
			isa = PBXTargetDependency;
			target = F1CE92BB1A4C8C80006E47C9 /* EditableTableViewController-Swift */;
			targetProxy = F1CE92D21A4C8C80006E47C9 /* PBXContainerItemProxy */;
		};
/* End PBXTargetDependency section */

/* Begin PBXVariantGroup section */
		F1CE92C51A4C8C80006E47C9 /* Main.storyboard */ = {
			isa = PBXVariantGroup;
			children = (
				F1CE92C61A4C8C80006E47C9 /* Base */,
			);
			name = Main.storyboard;
			sourceTree = "<group>";
		};
		F1CE92CA1A4C8C80006E47C9 /* LaunchScreen.xib */ = {
			isa = PBXVariantGroup;
			children = (
				F1CE92CB1A4C8C80006E47C9 /* Base */,
			);
			name = LaunchScreen.xib;
			sourceTree = "<group>";
		};
/* End PBXVariantGroup section */

/* Begin XCBuildConfiguration section */
		F1CE92D91A4C8C80006E47C9 /* Debug */ = {
			isa = XCBuildConfiguration;
			buildSettings = {
				ALWAYS_SEARCH_USER_PATHS = NO;
				CLANG_CXX_LANGUAGE_STANDARD = "gnu++0x";
				CLANG_CXX_LIBRARY = "libc++";
				CLANG_ENABLE_MODULES = YES;
				CLANG_ENABLE_OBJC_ARC = YES;
				CLANG_WARN_BOOL_CONVERSION = YES;
				CLANG_WARN_CONSTANT_CONVERSION = YES;
				CLANG_WARN_DIRECT_OBJC_ISA_USAGE = YES_ERROR;
				CLANG_WARN_EMPTY_BODY = YES;
				CLANG_WARN_ENUM_CONVERSION = YES;
				CLANG_WARN_INT_CONVERSION = YES;
				CLANG_WARN_OBJC_ROOT_CLASS = YES_ERROR;
				CLANG_WARN_UNREACHABLE_CODE = YES;
				CLANG_WARN__DUPLICATE_METHOD_MATCH = YES;
				"CODE_SIGN_IDENTITY[sdk=iphoneos*]" = "iPhone Developer";
				COPY_PHASE_STRIP = NO;
				ENABLE_STRICT_OBJC_MSGSEND = YES;
				GCC_C_LANGUAGE_STANDARD = gnu99;
				GCC_DYNAMIC_NO_PIC = NO;
				GCC_OPTIMIZATION_LEVEL = 0;
				GCC_PREPROCESSOR_DEFINITIONS = (
					"DEBUG=1",
					"$(inherited)",
				);
				GCC_SYMBOLS_PRIVATE_EXTERN = NO;
				GCC_WARN_64_TO_32_BIT_CONVERSION = YES;
				GCC_WARN_ABOUT_RETURN_TYPE = YES_ERROR;
				GCC_WARN_UNDECLARED_SELECTOR = YES;
				GCC_WARN_UNINITIALIZED_AUTOS = YES_AGGRESSIVE;
				GCC_WARN_UNUSED_FUNCTION = YES;
				GCC_WARN_UNUSED_VARIABLE = YES;
				IPHONEOS_DEPLOYMENT_TARGET = 8.1;
				MTL_ENABLE_DEBUG_INFO = YES;
				ONLY_ACTIVE_ARCH = YES;
				SDKROOT = iphoneos;
				SWIFT_OPTIMIZATION_LEVEL = "-Onone";
				TARGETED_DEVICE_FAMILY = "1,2";
			};
			name = Debug;
		};
		F1CE92DA1A4C8C80006E47C9 /* Release */ = {
			isa = XCBuildConfiguration;
			buildSettings = {
				ALWAYS_SEARCH_USER_PATHS = NO;
				CLANG_CXX_LANGUAGE_STANDARD = "gnu++0x";
				CLANG_CXX_LIBRARY = "libc++";
				CLANG_ENABLE_MODULES = YES;
				CLANG_ENABLE_OBJC_ARC = YES;
				CLANG_WARN_BOOL_CONVERSION = YES;
				CLANG_WARN_CONSTANT_CONVERSION = YES;
				CLANG_WARN_DIRECT_OBJC_ISA_USAGE = YES_ERROR;
				CLANG_WARN_EMPTY_BODY = YES;
				CLANG_WARN_ENUM_CONVERSION = YES;
				CLANG_WARN_INT_CONVERSION = YES;
				CLANG_WARN_OBJC_ROOT_CLASS = YES_ERROR;
				CLANG_WARN_UNREACHABLE_CODE = YES;
				CLANG_WARN__DUPLICATE_METHOD_MATCH = YES;
				"CODE_SIGN_IDENTITY[sdk=iphoneos*]" = "iPhone Developer";
				COPY_PHASE_STRIP = YES;
				ENABLE_NS_ASSERTIONS = NO;
				ENABLE_STRICT_OBJC_MSGSEND = YES;
				GCC_C_LANGUAGE_STANDARD = gnu99;
				GCC_WARN_64_TO_32_BIT_CONVERSION = YES;
				GCC_WARN_ABOUT_RETURN_TYPE = YES_ERROR;
				GCC_WARN_UNDECLARED_SELECTOR = YES;
				GCC_WARN_UNINITIALIZED_AUTOS = YES_AGGRESSIVE;
				GCC_WARN_UNUSED_FUNCTION = YES;
				GCC_WARN_UNUSED_VARIABLE = YES;
				IPHONEOS_DEPLOYMENT_TARGET = 8.1;
				MTL_ENABLE_DEBUG_INFO = NO;
				SDKROOT = iphoneos;
				TARGETED_DEVICE_FAMILY = "1,2";
				VALIDATE_PRODUCT = YES;
			};
			name = Release;
		};
		F1CE92DC1A4C8C80006E47C9 /* Debug */ = {
			isa = XCBuildConfiguration;
			buildSettings = {
				ASSETCATALOG_COMPILER_APPICON_NAME = AppIcon;
				INFOPLIST_FILE = "EditableTableViewController-Swift/Info.plist";
				LD_RUNPATH_SEARCH_PATHS = "$(inherited) @executable_path/Frameworks";
				PRODUCT_NAME = "$(TARGET_NAME)";
			};
			name = Debug;
		};
		F1CE92DD1A4C8C80006E47C9 /* Release */ = {
			isa = XCBuildConfiguration;
			buildSettings = {
				ASSETCATALOG_COMPILER_APPICON_NAME = AppIcon;
				INFOPLIST_FILE = "EditableTableViewController-Swift/Info.plist";
				LD_RUNPATH_SEARCH_PATHS = "$(inherited) @executable_path/Frameworks";
				PRODUCT_NAME = "$(TARGET_NAME)";
			};
			name = Release;
		};
		F1CE92DF1A4C8C80006E47C9 /* Debug */ = {
			isa = XCBuildConfiguration;
			buildSettings = {
				BUNDLE_LOADER = "$(TEST_HOST)";
				FRAMEWORK_SEARCH_PATHS = (
					"$(SDKROOT)/Developer/Library/Frameworks",
					"$(inherited)",
				);
				GCC_PREPROCESSOR_DEFINITIONS = (
					"DEBUG=1",
					"$(inherited)",
				);
				INFOPLIST_FILE = "EditableTableViewController-SwiftTests/Info.plist";
				LD_RUNPATH_SEARCH_PATHS = "$(inherited) @executable_path/Frameworks @loader_path/Frameworks";
				PRODUCT_NAME = "$(TARGET_NAME)";
				TEST_HOST = "$(BUILT_PRODUCTS_DIR)/EditableTableViewController-Swift.app/EditableTableViewController-Swift";
			};
			name = Debug;
		};
		F1CE92E01A4C8C80006E47C9 /* Release */ = {
			isa = XCBuildConfiguration;
			buildSettings = {
				BUNDLE_LOADER = "$(TEST_HOST)";
				FRAMEWORK_SEARCH_PATHS = (
					"$(SDKROOT)/Developer/Library/Frameworks",
					"$(inherited)",
				);
				INFOPLIST_FILE = "EditableTableViewController-SwiftTests/Info.plist";
				LD_RUNPATH_SEARCH_PATHS = "$(inherited) @executable_path/Frameworks @loader_path/Frameworks";
				PRODUCT_NAME = "$(TARGET_NAME)";
				TEST_HOST = "$(BUILT_PRODUCTS_DIR)/EditableTableViewController-Swift.app/EditableTableViewController-Swift";
			};
			name = Release;
		};
/* End XCBuildConfiguration section */

/* Begin XCConfigurationList section */
		F1CE92B71A4C8C80006E47C9 /* Build configuration list for PBXProject "EditableTableViewController-Swift" */ = {
			isa = XCConfigurationList;
			buildConfigurations = (
				F1CE92D91A4C8C80006E47C9 /* Debug */,
				F1CE92DA1A4C8C80006E47C9 /* Release */,
			);
			defaultConfigurationIsVisible = 0;
			defaultConfigurationName = Release;
		};
		F1CE92DB1A4C8C80006E47C9 /* Build configuration list for PBXNativeTarget "EditableTableViewController-Swift" */ = {
			isa = XCConfigurationList;
			buildConfigurations = (
				F1CE92DC1A4C8C80006E47C9 /* Debug */,
				F1CE92DD1A4C8C80006E47C9 /* Release */,
			);
			defaultConfigurationIsVisible = 0;
		};
		F1CE92DE1A4C8C80006E47C9 /* Build configuration list for PBXNativeTarget "EditableTableViewController-SwiftTests" */ = {
			isa = XCConfigurationList;
			buildConfigurations = (
				F1CE92DF1A4C8C80006E47C9 /* Debug */,
				F1CE92E01A4C8C80006E47C9 /* Release */,
			);
			defaultConfigurationIsVisible = 0;
		};
/* End XCConfigurationList section */
	};
	rootObject = F1CE92B41A4C8C80006E47C9 /* Project object */;
}
